
Microsoft Visual Studio Solution File, Format Version 12.00
# Visual Studio Version 16
VisualStudioVersion = 16.0.31321.278
MinimumVisualStudioVersion = 10.0.40219.1
Project("{FAE04EC0-301F-11D3-BF4B-00C04F79EFBC}") = "CoffeShop", "CoffeShop\CoffeShop.csproj", "{F5EADD94-22DC-4006-87B1-753AA34E8A70}"
EndProject
Global
	GlobalSection(SolutionConfigurationPlatforms) = preSolution
		Debug|Any CPU = Debug|Any CPU
		Release|Any CPU = Release|Any CPU
	EndGlobalSection
	GlobalSection(ProjectConfigurationPlatforms) = postSolution
		{F5EADD94-22DC-4006-87B1-753AA34E8A70}.Debug|Any CPU.ActiveCfg = Debug|Any CPU
		{F5EADD94-22DC-4006-87B1-753AA34E8A70}.Debug|Any CPU.Build.0 = Debug|Any CPU
		{F5EADD94-22DC-4006-87B1-753AA34E8A70}.Release|Any CPU.ActiveCfg = Release|Any CPU
		{F5EADD94-22DC-4006-87B1-753AA34E8A70}.Release|Any CPU.Build.0 = Release|Any CPU
	EndGlobalSection
	GlobalSection(SolutionProperties) = preSolution
		HideSolutionNode = FALSE
	EndGlobalSection
	GlobalSection(ExtensibilityGlobals) = postSolution
		SolutionGuid = {3DBD677B-02D9-4EE5-89F6-553870754E43}
	EndGlobalSection
EndGlobal
